
Microsoft Visual Studio Solution File, Format Version 12.00
# VisualStudio  Version 16
VisualStudioVersion = 16.0.810.14
MinimumVisualStudioVersion = 10.0.40219.1
Project("{FAE04EC0-301F-11D3-BF4B-00C04F79EFBC}") = "sample.netcoreapp", "sample.netcoreapp\sample.netcoreapp.csproj", "{F628FDDA-6491-486A-9151-37A35C5513A3}"
EndProject
Global
	GlobalSection(SolutionConfigurationPlatforms) = preSolution
		Debug|Any CPU = Debug|Any CPU
		Release|Any CPU = Release|Any CPU
	EndGlobalSection
	GlobalSection(ProjectConfigurationPlatforms) = postSolution
		{F628FDDA-6491-486A-9151-37A35C5513A3}.Debug|Any CPU.ActiveCfg = Debug|Any CPU
		{F628FDDA-6491-486A-9151-37A35C5513A3}.Debug|Any CPU.Build.0 = Debug|Any CPU
		{F628FDDA-6491-486A-9151-37A35C5513A3}.Release|Any CPU.ActiveCfg = Release|Any CPU
		{F628FDDA-6491-486A-9151-37A35C5513A3}.Release|Any CPU.Build.0 = Release|Any CPU
	EndGlobalSection
	GlobalSection(SolutionProperties) = preSolution
		HideSolutionNode = FALSE
	EndGlobalSection
	GlobalSection(ExtensibilityGlobals) = postSolution
		SolutionGuid = {CB1CDC85-B3EA-463B-8EB9-ED0099AD0E38}
	EndGlobalSection
EndGlobal
